
Microsoft Visual Studio Solution File, Format Version 12.00
# Visual Studio 15
VisualStudioVersion = 15.0.27130.2024
MinimumVisualStudioVersion = 10.0.40219.1
Project("{2150E333-8FDC-42A3-9474-1A3956D46DE8}") = "1-Common", "1-Common", "{345BF960-85A5-4652-BA9E-9E220C79EEBF}"
EndProject
Project("{2150E333-8FDC-42A3-9474-1A3956D46DE8}") = "2-Core", "2-Core", "{FA1216F8-0FAB-43C7-8454-F74F2206BBEA}"
EndProject
Project("{2150E333-8FDC-42A3-9474-1A3956D46DE8}") = "3-Model", "3-Model", "{0C54EC15-F550-44B6-8B57-5DE09E157BFC}"
EndProject
Project("{FAE04EC0-301F-11D3-BF4B-00C04F79EFBC}") = "EF", "EF\EF.csproj", "{2E92F067-20BA-44B9-ABBB-D18818FA7AB9}"
EndProject
Project("{FAE04EC0-301F-11D3-BF4B-00C04F79EFBC}") = "Common", "Common\Common.csproj", "{5F6CD925-558E-46FF-94D4-595FBB44EDDE}"
	ProjectSection(ProjectDependencies) = postProject
		{BDE5CA41-403E-496F-B747-BF0807808898} = {BDE5CA41-403E-496F-B747-BF0807808898}
		{2E92F067-20BA-44B9-ABBB-D18818FA7AB9} = {2E92F067-20BA-44B9-ABBB-D18818FA7AB9}
	EndProjectSection
EndProject
Project("{FAE04EC0-301F-11D3-BF4B-00C04F79EFBC}") = "Core", "Core\Core.csproj", "{E893AB44-5D6D-4385-81D6-94ED613A1631}"
	ProjectSection(ProjectDependencies) = postProject
		{5F6CD925-558E-46FF-94D4-595FBB44EDDE} = {5F6CD925-558E-46FF-94D4-595FBB44EDDE}
		{BDE5CA41-403E-496F-B747-BF0807808898} = {BDE5CA41-403E-496F-B747-BF0807808898}
		{2E92F067-20BA-44B9-ABBB-D18818FA7AB9} = {2E92F067-20BA-44B9-ABBB-D18818FA7AB9}
	EndProjectSection
EndProject
Project("{FAE04EC0-301F-11D3-BF4B-00C04F79EFBC}") = "CoreModels", "CoreModels\CoreModels.csproj", "{BDE5CA41-403E-496F-B747-BF0807808898}"
	ProjectSection(ProjectDependencies) = postProject
		{2E92F067-20BA-44B9-ABBB-D18818FA7AB9} = {2E92F067-20BA-44B9-ABBB-D18818FA7AB9}
	EndProjectSection
EndProject
Project("{FAE04EC0-301F-11D3-BF4B-00C04F79EFBC}") = "Web", "UI\Web.csproj", "{F2C6D513-A1EA-4AE0-8755-E3268573BEA4}"
	ProjectSection(ProjectDependencies) = postProject
		{5F6CD925-558E-46FF-94D4-595FBB44EDDE} = {5F6CD925-558E-46FF-94D4-595FBB44EDDE}
		{BDE5CA41-403E-496F-B747-BF0807808898} = {BDE5CA41-403E-496F-B747-BF0807808898}
		{E893AB44-5D6D-4385-81D6-94ED613A1631} = {E893AB44-5D6D-4385-81D6-94ED613A1631}
		{2E92F067-20BA-44B9-ABBB-D18818FA7AB9} = {2E92F067-20BA-44B9-ABBB-D18818FA7AB9}
	EndProjectSection
EndProject
Project("{2150E333-8FDC-42A3-9474-1A3956D46DE8}") = "4-WebApi", "4-WebApi", "{D623D594-80AB-4E99-9A87-0E66D16A7D0A}"
EndProject
Global
	GlobalSection(SolutionConfigurationPlatforms) = preSolution
		Debug|Any CPU = Debug|Any CPU
		Debug|x86 = Debug|x86
		Release|Any CPU = Release|Any CPU
		Release|x86 = Release|x86
	EndGlobalSection
	GlobalSection(ProjectConfigurationPlatforms) = postSolution
		{2E92F067-20BA-44B9-ABBB-D18818FA7AB9}.Debug|Any CPU.ActiveCfg = Debug|Any CPU
		{2E92F067-20BA-44B9-ABBB-D18818FA7AB9}.Debug|Any CPU.Build.0 = Debug|Any CPU
		{2E92F067-20BA-44B9-ABBB-D18818FA7AB9}.Debug|x86.ActiveCfg = Debug|x86
		{2E92F067-20BA-44B9-ABBB-D18818FA7AB9}.Debug|x86.Build.0 = Debug|x86
		{2E92F067-20BA-44B9-ABBB-D18818FA7AB9}.Release|Any CPU.ActiveCfg = Release|Any CPU
		{2E92F067-20BA-44B9-ABBB-D18818FA7AB9}.Release|Any CPU.Build.0 = Release|Any CPU
		{2E92F067-20BA-44B9-ABBB-D18818FA7AB9}.Release|x86.ActiveCfg = Release|x86
		{2E92F067-20BA-44B9-ABBB-D18818FA7AB9}.Release|x86.Build.0 = Release|x86
		{5F6CD925-558E-46FF-94D4-595FBB44EDDE}.Debug|Any CPU.ActiveCfg = Debug|Any CPU
		{5F6CD925-558E-46FF-94D4-595FBB44EDDE}.Debug|Any CPU.Build.0 = Debug|Any CPU
		{5F6CD925-558E-46FF-94D4-595FBB44EDDE}.Debug|x86.ActiveCfg = Debug|x86
		{5F6CD925-558E-46FF-94D4-595FBB44EDDE}.Debug|x86.Build.0 = Debug|x86
		{5F6CD925-558E-46FF-94D4-595FBB44EDDE}.Release|Any CPU.ActiveCfg = Release|Any CPU
		{5F6CD925-558E-46FF-94D4-595FBB44EDDE}.Release|Any CPU.Build.0 = Release|Any CPU
		{5F6CD925-558E-46FF-94D4-595FBB44EDDE}.Release|x86.ActiveCfg = Release|x86
		{5F6CD925-558E-46FF-94D4-595FBB44EDDE}.Release|x86.Build.0 = Release|x86
		{E893AB44-5D6D-4385-81D6-94ED613A1631}.Debug|Any CPU.ActiveCfg = Debug|Any CPU
		{E893AB44-5D6D-4385-81D6-94ED613A1631}.Debug|Any CPU.Build.0 = Debug|Any CPU
		{E893AB44-5D6D-4385-81D6-94ED613A1631}.Debug|x86.ActiveCfg = Debug|x86
		{E893AB44-5D6D-4385-81D6-94ED613A1631}.Debug|x86.Build.0 = Debug|x86
		{E893AB44-5D6D-4385-81D6-94ED613A1631}.Release|Any CPU.ActiveCfg = Release|Any CPU
		{E893AB44-5D6D-4385-81D6-94ED613A1631}.Release|Any CPU.Build.0 = Release|Any CPU
		{E893AB44-5D6D-4385-81D6-94ED613A1631}.Release|x86.ActiveCfg = Release|x86
		{E893AB44-5D6D-4385-81D6-94ED613A1631}.Release|x86.Build.0 = Release|x86
		{BDE5CA41-403E-496F-B747-BF0807808898}.Debug|Any CPU.ActiveCfg = Debug|Any CPU
		{BDE5CA41-403E-496F-B747-BF0807808898}.Debug|Any CPU.Build.0 = Debug|Any CPU
		{BDE5CA41-403E-496F-B747-BF0807808898}.Debug|x86.ActiveCfg = Debug|x86
		{BDE5CA41-403E-496F-B747-BF0807808898}.Debug|x86.Build.0 = Debug|x86
		{BDE5CA41-403E-496F-B747-BF0807808898}.Release|Any CPU.ActiveCfg = Release|Any CPU
		{BDE5CA41-403E-496F-B747-BF0807808898}.Release|Any CPU.Build.0 = Release|Any CPU
		{BDE5CA41-403E-496F-B747-BF0807808898}.Release|x86.ActiveCfg = Release|x86
		{BDE5CA41-403E-496F-B747-BF0807808898}.Release|x86.Build.0 = Release|x86
		{F2C6D513-A1EA-4AE0-8755-E3268573BEA4}.Debug|Any CPU.ActiveCfg = Debug|Any CPU
		{F2C6D513-A1EA-4AE0-8755-E3268573BEA4}.Debug|Any CPU.Build.0 = Debug|Any CPU
		{F2C6D513-A1EA-4AE0-8755-E3268573BEA4}.Debug|x86.ActiveCfg = Debug|x86
		{F2C6D513-A1EA-4AE0-8755-E3268573BEA4}.Debug|x86.Build.0 = Debug|x86
		{F2C6D513-A1EA-4AE0-8755-E3268573BEA4}.Release|Any CPU.ActiveCfg = Release|Any CPU
		{F2C6D513-A1EA-4AE0-8755-E3268573BEA4}.Release|Any CPU.Build.0 = Release|Any CPU
		{F2C6D513-A1EA-4AE0-8755-E3268573BEA4}.Release|x86.ActiveCfg = Release|x86
		{F2C6D513-A1EA-4AE0-8755-E3268573BEA4}.Release|x86.Build.0 = Release|x86
	EndGlobalSection
	GlobalSection(SolutionProperties) = preSolution
		HideSolutionNode = FALSE
	EndGlobalSection
	GlobalSection(NestedProjects) = preSolution
		{2E92F067-20BA-44B9-ABBB-D18818FA7AB9} = {0C54EC15-F550-44B6-8B57-5DE09E157BFC}
		{5F6CD925-558E-46FF-94D4-595FBB44EDDE} = {345BF960-85A5-4652-BA9E-9E220C79EEBF}
		{E893AB44-5D6D-4385-81D6-94ED613A1631} = {FA1216F8-0FAB-43C7-8454-F74F2206BBEA}
		{BDE5CA41-403E-496F-B747-BF0807808898} = {FA1216F8-0FAB-43C7-8454-F74F2206BBEA}
	EndGlobalSection
	GlobalSection(ExtensibilityGlobals) = postSolution
		SolutionGuid = {9485B65D-0F93-402A-867E-D68E2E1E4A8E}
	EndGlobalSection
EndGlobal
